// !$*UTF8*$!
{
	archiveVersion = 1;
	classes = {
	};
	objectVersion = 50;
	objects = {

/* Begin PBXBuildFile section */
		84384CC721C003BA009A992B /* AppDelegate.swift in Sources */ = {isa = PBXBuildFile; fileRef = 84384CC621C003BA009A992B /* AppDelegate.swift */; };
		84384CC921C003BA009A992B /* ViewController.swift in Sources */ = {isa = PBXBuildFile; fileRef = 84384CC821C003BA009A992B /* ViewController.swift */; };
		84384CCC21C003BA009A992B /* Main.storyboard in Resources */ = {isa = PBXBuildFile; fileRef = 84384CCA21C003BA009A992B /* Main.storyboard */; };
		84384CCE21C003BD009A992B /* Assets.xcassets in Resources */ = {isa = PBXBuildFile; fileRef = 84384CCD21C003BD009A992B /* Assets.xcassets */; };
		84384CD121C003BD009A992B /* LaunchScreen.storyboard in Resources */ = {isa = PBXBuildFile; fileRef = 84384CCF21C003BD009A992B /* LaunchScreen.storyboard */; };
		84384CDC21C003BE009A992B /* GestureTests.swift in Sources */ = {isa = PBXBuildFile; fileRef = 84384CDB21C003BE009A992B /* GestureTests.swift */; };
		84384CE721C003BE009A992B /* GestureUITests.swift in Sources */ = {isa = PBXBuildFile; fileRef = 84384CE621C003BE009A992B /* GestureUITests.swift */; };
/* End PBXBuildFile section */

/* Begin PBXContainerItemProxy section */
		84384CD821C003BE009A992B /* PBXContainerItemProxy */ = {
			isa = PBXContainerItemProxy;
			containerPortal = 84384CBB21C003BA009A992B /* Project object */;
			proxyType = 1;
			remoteGlobalIDString = 84384CC221C003BA009A992B;
			remoteInfo = Gesture;
		};
		84384CE321C003BE009A992B /* PBXContainerItemProxy */ = {
			isa = PBXContainerItemProxy;
			containerPortal = 84384CBB21C003BA009A992B /* Project object */;
			proxyType = 1;
			remoteGlobalIDString = 84384CC221C003BA009A992B;
			remoteInfo = Gesture;
		};
/* End PBXContainerItemProxy section */

/* Begin PBXFileReference section */
		84384CC321C003BA009A992B /* Gesture.app */ = {isa = PBXFileReference; explicitFileType = wrapper.application; includeInIndex = 0; path = Gesture.app; sourceTree = BUILT_PRODUCTS_DIR; };
		84384CC621C003BA009A992B /* AppDelegate.swift */ = {isa = PBXFileReference; lastKnownFileType = sourcecode.swift; path = AppDelegate.swift; sourceTree = "<group>"; };
		84384CC821C003BA009A992B /* ViewController.swift */ = {isa = PBXFileReference; lastKnownFileType = sourcecode.swift; path = ViewController.swift; sourceTree = "<group>"; };
		84384CCB21C003BA009A992B /* Base */ = {isa = PBXFileReference; lastKnownFileType = file.storyboard; name = Base; path = Base.lproj/Main.storyboard; sourceTree = "<group>"; };
		84384CCD21C003BD009A992B /* Assets.xcassets */ = {isa = PBXFileReference; lastKnownFileType = folder.assetcatalog; path = Assets.xcassets; sourceTree = "<group>"; };
		84384CD021C003BD009A992B /* Base */ = {isa = PBXFileReference; lastKnownFileType = file.storyboard; name = Base; path = Base.lproj/LaunchScreen.storyboard; sourceTree = "<group>"; };
		84384CD221C003BD009A992B /* Info.plist */ = {isa = PBXFileReference; lastKnownFileType = text.plist.xml; path = Info.plist; sourceTree = "<group>"; };
		84384CD721C003BD009A992B /* GestureTests.xctest */ = {isa = PBXFileReference; explicitFileType = wrapper.cfbundle; includeInIndex = 0; path = GestureTests.xctest; sourceTree = BUILT_PRODUCTS_DIR; };
		84384CDB21C003BE009A992B /* GestureTests.swift */ = {isa = PBXFileReference; lastKnownFileType = sourcecode.swift; path = GestureTests.swift; sourceTree = "<group>"; };
		84384CDD21C003BE009A992B /* Info.plist */ = {isa = PBXFileReference; lastKnownFileType = text.plist.xml; path = Info.plist; sourceTree = "<group>"; };
		84384CE221C003BE009A992B /* GestureUITests.xctest */ = {isa = PBXFileReference; explicitFileType = wrapper.cfbundle; includeInIndex = 0; path = GestureUITests.xctest; sourceTree = BUILT_PRODUCTS_DIR; };
		84384CE621C003BE009A992B /* GestureUITests.swift */ = {isa = PBXFileReference; lastKnownFileType = sourcecode.swift; path = GestureUITests.swift; sourceTree = "<group>"; };
		84384CE821C003BE009A992B /* Info.plist */ = {isa = PBXFileReference; lastKnownFileType = text.plist.xml; path = Info.plist; sourceTree = "<group>"; };
/* End PBXFileReference section */

/* Begin PBXFrameworksBuildPhase section */
		84384CC021C003BA009A992B /* Frameworks */ = {
			isa = PBXFrameworksBuildPhase;
			buildActionMask = 2147483647;
			files = (
			);
			runOnlyForDeploymentPostprocessing = 0;
		};
		84384CD421C003BD009A992B /* Frameworks */ = {
			isa = PBXFrameworksBuildPhase;
			buildActionMask = 2147483647;
			files = (
			);
			runOnlyForDeploymentPostprocessing = 0;
		};
		84384CDF21C003BE009A992B /* Frameworks */ = {
			isa = PBXFrameworksBuildPhase;
			buildActionMask = 2147483647;
			files = (
			);
			runOnlyForDeploymentPostprocessing = 0;
		};
/* End PBXFrameworksBuildPhase section */

/* Begin PBXGroup section */
		84384CBA21C003BA009A992B = {
			isa = PBXGroup;
			children = (
				84384CC521C003BA009A992B /* Gesture */,
				84384CDA21C003BE009A992B /* GestureTests */,
				84384CE521C003BE009A992B /* GestureUITests */,
				84384CC421C003BA009A992B /* Products */,
			);
			sourceTree = "<group>";
		};
		84384CC421C003BA009A992B /* Products */ = {
			isa = PBXGroup;
			children = (
				84384CC321C003BA009A992B /* Gesture.app */,
				84384CD721C003BD009A992B /* GestureTests.xctest */,
				84384CE221C003BE009A992B /* GestureUITests.xctest */,
			);
			name = Products;
			sourceTree = "<group>";
		};
		84384CC521C003BA009A992B /* Gesture */ = {
			isa = PBXGroup;
			children = (
				84384CC621C003BA009A992B /* AppDelegate.swift */,
				84384CC821C003BA009A992B /* ViewController.swift */,
				84384CCA21C003BA009A992B /* Main.storyboard */,
				84384CCD21C003BD009A992B /* Assets.xcassets */,
				84384CCF21C003BD009A992B /* LaunchScreen.storyboard */,
				84384CD221C003BD009A992B /* Info.plist */,
			);
			path = Gesture;
			sourceTree = "<group>";
		};
		84384CDA21C003BE009A992B /* GestureTests */ = {
			isa = PBXGroup;
			children = (
				84384CDB21C003BE009A992B /* GestureTests.swift */,
				84384CDD21C003BE009A992B /* Info.plist */,
			);
			path = GestureTests;
			sourceTree = "<group>";
		};
		84384CE521C003BE009A992B /* GestureUITests */ = {
			isa = PBXGroup;
			children = (
				84384CE621C003BE009A992B /* GestureUITests.swift */,
				84384CE821C003BE009A992B /* Info.plist */,
			);
			path = GestureUITests;
			sourceTree = "<group>";
		};
/* End PBXGroup section */

/* Begin PBXNativeTarget section */
		84384CC221C003BA009A992B /* Gesture */ = {
			isa = PBXNativeTarget;
			buildConfigurationList = 84384CEB21C003BE009A992B /* Build configuration list for PBXNativeTarget "Gesture" */;
			buildPhases = (
				84384CBF21C003BA009A992B /* Sources */,
				84384CC021C003BA009A992B /* Frameworks */,
				84384CC121C003BA009A992B /* Resources */,
			);
			buildRules = (
			);
			dependencies = (
			);
			name = Gesture;
			productName = Gesture;
			productReference = 84384CC321C003BA009A992B /* Gesture.app */;
			productType = "com.apple.product-type.application";
		};
		84384CD621C003BD009A992B /* GestureTests */ = {
			isa = PBXNativeTarget;
			buildConfigurationList = 84384CEE21C003BE009A992B /* Build configuration list for PBXNativeTarget "GestureTests" */;
			buildPhases = (
				84384CD321C003BD009A992B /* Sources */,
				84384CD421C003BD009A992B /* Frameworks */,
				84384CD521C003BD009A992B /* Resources */,
			);
			buildRules = (
			);
			dependencies = (
				84384CD921C003BE009A992B /* PBXTargetDependency */,
			);
			name = GestureTests;
			productName = GestureTests;
			productReference = 84384CD721C003BD009A992B /* GestureTests.xctest */;
			productType = "com.apple.product-type.bundle.unit-test";
		};
		84384CE121C003BE009A992B /* GestureUITests */ = {
			isa = PBXNativeTarget;
			buildConfigurationList = 84384CF121C003BE009A992B /* Build configuration list for PBXNativeTarget "GestureUITests" */;
			buildPhases = (
				84384CDE21C003BE009A992B /* Sources */,
				84384CDF21C003BE009A992B /* Frameworks */,
				84384CE021C003BE009A992B /* Resources */,
			);
			buildRules = (
			);
			dependencies = (
				84384CE421C003BE009A992B /* PBXTargetDependency */,
			);
			name = GestureUITests;
			productName = GestureUITests;
			productReference = 84384CE221C003BE009A992B /* GestureUITests.xctest */;
			productType = "com.apple.product-type.bundle.ui-testing";
		};
/* End PBXNativeTarget section */

/* Begin PBXProject section */
		84384CBB21C003BA009A992B /* Project object */ = {
			isa = PBXProject;
			attributes = {
				LastSwiftUpdateCheck = 1010;
				LastUpgradeCheck = 1010;
				ORGANIZATIONNAME = "Jose Luis Romero";
				TargetAttributes = {
					84384CC221C003BA009A992B = {
						CreatedOnToolsVersion = 10.1;
					};
					84384CD621C003BD009A992B = {
						CreatedOnToolsVersion = 10.1;
						TestTargetID = 84384CC221C003BA009A992B;
					};
					84384CE121C003BE009A992B = {
						CreatedOnToolsVersion = 10.1;
						TestTargetID = 84384CC221C003BA009A992B;
					};
				};
			};
			buildConfigurationList = 84384CBE21C003BA009A992B /* Build configuration list for PBXProject "Gesture" */;
			compatibilityVersion = "Xcode 9.3";
			developmentRegion = en;
			hasScannedForEncodings = 0;
			knownRegions = (
				en,
				Base,
			);
			mainGroup = 84384CBA21C003BA009A992B;
			productRefGroup = 84384CC421C003BA009A992B /* Products */;
			projectDirPath = "";
			projectRoot = "";
			targets = (
				84384CC221C003BA009A992B /* Gesture */,
				84384CD621C003BD009A992B /* GestureTests */,
				84384CE121C003BE009A992B /* GestureUITests */,
			);
		};
/* End PBXProject section */

/* Begin PBXResourcesBuildPhase section */
		84384CC121C003BA009A992B /* Resources */ = {
			isa = PBXResourcesBuildPhase;
			buildActionMask = 2147483647;
			files = (
				84384CD121C003BD009A992B /* LaunchScreen.storyboard in Resources */,
				84384CCE21C003BD009A992B /* Assets.xcassets in Resources */,
				84384CCC21C003BA009A992B /* Main.storyboard in Resources */,
			);
			runOnlyForDeploymentPostprocessing = 0;
		};
		84384CD521C003BD009A992B /* Resources */ = {
			isa = PBXResourcesBuildPhase;
			buildActionMask = 2147483647;
			files = (
			);
			runOnlyForDeploymentPostprocessing = 0;
		};
		84384CE021C003BE009A992B /* Resources */ = {
			isa = PBXResourcesBuildPhase;
			buildActionMask = 2147483647;
			files = (
			);
			runOnlyForDeploymentPostprocessing = 0;
		};
/* End PBXResourcesBuildPhase section */

/* Begin PBXSourcesBuildPhase section */
		84384CBF21C003BA009A992B /* Sources */ = {
			isa = PBXSourcesBuildPhase;
			buildActionMask = 2147483647;
			files = (
				84384CC921C003BA009A992B /* ViewController.swift in Sources */,
				84384CC721C003BA009A992B /* AppDelegate.swift in Sources */,
			);
			runOnlyForDeploymentPostprocessing = 0;
		};
		84384CD321C003BD009A992B /* Sources */ = {
			isa = PBXSourcesBuildPhase;
			buildActionMask = 2147483647;
			files = (
				84384CDC21C003BE009A992B /* GestureTests.swift in Sources */,
			);
			runOnlyForDeploymentPostprocessing = 0;
		};
		84384CDE21C003BE009A992B /* Sources */ = {
			isa = PBXSourcesBuildPhase;
			buildActionMask = 2147483647;
			files = (
				84384CE721C003BE009A992B /* GestureUITests.swift in Sources */,
			);
			runOnlyForDeploymentPostprocessing = 0;
		};
/* End PBXSourcesBuildPhase section */

/* Begin PBXTargetDependency section */
		84384CD921C003BE009A992B /* PBXTargetDependency */ = {
			isa = PBXTargetDependency;
			target = 84384CC221C003BA009A992B /* Gesture */;
			targetProxy = 84384CD821C003BE009A992B /* PBXContainerItemProxy */;
		};
		84384CE421C003BE009A992B /* PBXTargetDependency */ = {
			isa = PBXTargetDependency;
			target = 84384CC221C003BA009A992B /* Gesture */;
			targetProxy = 84384CE321C003BE009A992B /* PBXContainerItemProxy */;
		};
/* End PBXTargetDependency section */

/* Begin PBXVariantGroup section */
		84384CCA21C003BA009A992B /* Main.storyboard */ = {
			isa = PBXVariantGroup;
			children = (
				84384CCB21C003BA009A992B /* Base */,
			);
			name = Main.storyboard;
			sourceTree = "<group>";
		};
		84384CCF21C003BD009A992B /* LaunchScreen.storyboard */ = {
			isa = PBXVariantGroup;
			children = (
				84384CD021C003BD009A992B /* Base */,
			);
			name = LaunchScreen.storyboard;
			sourceTree = "<group>";
		};
/* End PBXVariantGroup section */

/* Begin XCBuildConfiguration section */
		84384CE921C003BE009A992B /* Debug */ = {
			isa = XCBuildConfiguration;
			buildSettings = {
				ALWAYS_SEARCH_USER_PATHS = NO;
				CLANG_ANALYZER_NONNULL = YES;
				CLANG_ANALYZER_NUMBER_OBJECT_CONVERSION = YES_AGGRESSIVE;
				CLANG_CXX_LANGUAGE_STANDARD = "gnu++14";
				CLANG_CXX_LIBRARY = "libc++";
				CLANG_ENABLE_MODULES = YES;
				CLANG_ENABLE_OBJC_ARC = YES;
				CLANG_ENABLE_OBJC_WEAK = YES;
				CLANG_WARN_BLOCK_CAPTURE_AUTORELEASING = YES;
				CLANG_WARN_BOOL_CONVERSION = YES;
				CLANG_WARN_COMMA = YES;
				CLANG_WARN_CONSTANT_CONVERSION = YES;
				CLANG_WARN_DEPRECATED_OBJC_IMPLEMENTATIONS = YES;
				CLANG_WARN_DIRECT_OBJC_ISA_USAGE = YES_ERROR;
				CLANG_WARN_DOCUMENTATION_COMMENTS = YES;
				CLANG_WARN_EMPTY_BODY = YES;
				CLANG_WARN_ENUM_CONVERSION = YES;
				CLANG_WARN_INFINITE_RECURSION = YES;
				CLANG_WARN_INT_CONVERSION = YES;
				CLANG_WARN_NON_LITERAL_NULL_CONVERSION = YES;
				CLANG_WARN_OBJC_IMPLICIT_RETAIN_SELF = YES;
				CLANG_WARN_OBJC_LITERAL_CONVERSION = YES;
				CLANG_WARN_OBJC_ROOT_CLASS = YES_ERROR;
				CLANG_WARN_RANGE_LOOP_ANALYSIS = YES;
				CLANG_WARN_STRICT_PROTOTYPES = YES;
				CLANG_WARN_SUSPICIOUS_MOVE = YES;
				CLANG_WARN_UNGUARDED_AVAILABILITY = YES_AGGRESSIVE;
				CLANG_WARN_UNREACHABLE_CODE = YES;
				CLANG_WARN__DUPLICATE_METHOD_MATCH = YES;
				CODE_SIGN_IDENTITY = "iPhone Developer";
				COPY_PHASE_STRIP = NO;
				DEBUG_INFORMATION_FORMAT = dwarf;
				ENABLE_STRICT_OBJC_MSGSEND = YES;
				ENABLE_TESTABILITY = YES;
				GCC_C_LANGUAGE_STANDARD = gnu11;
				GCC_DYNAMIC_NO_PIC = NO;
				GCC_NO_COMMON_BLOCKS = YES;
				GCC_OPTIMIZATION_LEVEL = 0;
				GCC_PREPROCESSOR_DEFINITIONS = (
					"DEBUG=1",
					"$(inherited)",
				);
				GCC_WARN_64_TO_32_BIT_CONVERSION = YES;
				GCC_WARN_ABOUT_RETURN_TYPE = YES_ERROR;
				GCC_WARN_UNDECLARED_SELECTOR = YES;
				GCC_WARN_UNINITIALIZED_AUTOS = YES_AGGRESSIVE;
				GCC_WARN_UNUSED_FUNCTION = YES;
				GCC_WARN_UNUSED_VARIABLE = YES;
				IPHONEOS_DEPLOYMENT_TARGET = 12.1;
				MTL_ENABLE_DEBUG_INFO = INCLUDE_SOURCE;
				MTL_FAST_MATH = YES;
				ONLY_ACTIVE_ARCH = YES;
				SDKROOT = iphoneos;
				SWIFT_ACTIVE_COMPILATION_CONDITIONS = DEBUG;
				SWIFT_OPTIMIZATION_LEVEL = "-Onone";
			};
			name = Debug;
		};
		84384CEA21C003BE009A992B /* Release */ = {
			isa = XCBuildConfiguration;
			buildSettings = {
				ALWAYS_SEARCH_USER_PATHS = NO;
				CLANG_ANALYZER_NONNULL = YES;
				CLANG_ANALYZER_NUMBER_OBJECT_CONVERSION = YES_AGGRESSIVE;
				CLANG_CXX_LANGUAGE_STANDARD = "gnu++14";
				CLANG_CXX_LIBRARY = "libc++";
				CLANG_ENABLE_MODULES = YES;
				CLANG_ENABLE_OBJC_ARC = YES;
				CLANG_ENABLE_OBJC_WEAK = YES;
				CLANG_WARN_BLOCK_CAPTURE_AUTORELEASING = YES;
				CLANG_WARN_BOOL_CONVERSION = YES;
				CLANG_WARN_COMMA = YES;
				CLANG_WARN_CONSTANT_CONVERSION = YES;
				CLANG_WARN_DEPRECATED_OBJC_IMPLEMENTATIONS = YES;
				CLANG_WARN_DIRECT_OBJC_ISA_USAGE = YES_ERROR;
				CLANG_WARN_DOCUMENTATION_COMMENTS = YES;
				CLANG_WARN_EMPTY_BODY = YES;
				CLANG_WARN_ENUM_CONVERSION = YES;
				CLANG_WARN_INFINITE_RECURSION = YES;
				CLANG_WARN_INT_CONVERSION = YES;
				CLANG_WARN_NON_LITERAL_NULL_CONVERSION = YES;
				CLANG_WARN_OBJC_IMPLICIT_RETAIN_SELF = YES;
				CLANG_WARN_OBJC_LITERAL_CONVERSION = YES;
				CLANG_WARN_OBJC_ROOT_CLASS = YES_ERROR;
				CLANG_WARN_RANGE_LOOP_ANALYSIS = YES;
				CLANG_WARN_STRICT_PROTOTYPES = YES;
				CLANG_WARN_SUSPICIOUS_MOVE = YES;
				CLANG_WARN_UNGUARDED_AVAILABILITY = YES_AGGRESSIVE;
				CLANG_WARN_UNREACHABLE_CODE = YES;
				CLANG_WARN__DUPLICATE_METHOD_MATCH = YES;
				CODE_SIGN_IDENTITY = "iPhone Developer";
				COPY_PHASE_STRIP = NO;
				DEBUG_INFORMATION_FORMAT = "dwarf-with-dsym";
				ENABLE_NS_ASSERTIONS = NO;
				ENABLE_STRICT_OBJC_MSGSEND = YES;
				GCC_C_LANGUAGE_STANDARD = gnu11;
				GCC_NO_COMMON_BLOCKS = YES;
				GCC_WARN_64_TO_32_BIT_CONVERSION = YES;
				GCC_WARN_ABOUT_RETURN_TYPE = YES_ERROR;
				GCC_WARN_UNDECLARED_SELECTOR = YES;
				GCC_WARN_UNINITIALIZED_AUTOS = YES_AGGRESSIVE;
				GCC_WARN_UNUSED_FUNCTION = YES;
				GCC_WARN_UNUSED_VARIABLE = YES;
				IPHONEOS_DEPLOYMENT_TARGET = 12.1;
				MTL_ENABLE_DEBUG_INFO = NO;
				MTL_FAST_MATH = YES;
				SDKROOT = iphoneos;
				SWIFT_COMPILATION_MODE = wholemodule;
				SWIFT_OPTIMIZATION_LEVEL = "-O";
				VALIDATE_PRODUCT = YES;
			};
			name = Release;
		};
		84384CEC21C003BE009A992B /* Debug */ = {
			isa = XCBuildConfiguration;
			buildSettings = {
				ASSETCATALOG_COMPILER_APPICON_NAME = AppIcon;
				CODE_SIGN_STYLE = Automatic;
				INFOPLIST_FILE = Gesture/Info.plist;
				LD_RUNPATH_SEARCH_PATHS = (
					"$(inherited)",
					"@executable_path/Frameworks",
				);
				PRODUCT_BUNDLE_IDENTIFIER = com.example.Gesture;
				PRODUCT_NAME = "$(TARGET_NAME)";
				SWIFT_VERSION = 4.2;
				TARGETED_DEVICE_FAMILY = "1,2";
			};
			name = Debug;
		};
		84384CED21C003BE009A992B /* Release */ = {
			isa = XCBuildConfiguration;
			buildSettings = {
				ASSETCATALOG_COMPILER_APPICON_NAME = AppIcon;
				CODE_SIGN_STYLE = Automatic;
				INFOPLIST_FILE = Gesture/Info.plist;
				LD_RUNPATH_SEARCH_PATHS = (
					"$(inherited)",
					"@executable_path/Frameworks",
				);
				PRODUCT_BUNDLE_IDENTIFIER = com.example.Gesture;
				PRODUCT_NAME = "$(TARGET_NAME)";
				SWIFT_VERSION = 4.2;
				TARGETED_DEVICE_FAMILY = "1,2";
			};
			name = Release;
		};
		84384CEF21C003BE009A992B /* Debug */ = {
			isa = XCBuildConfiguration;
			buildSettings = {
				ALWAYS_EMBED_SWIFT_STANDARD_LIBRARIES = YES;
				BUNDLE_LOADER = "$(TEST_HOST)";
				CODE_SIGN_STYLE = Automatic;
				INFOPLIST_FILE = GestureTests/Info.plist;
				LD_RUNPATH_SEARCH_PATHS = (
					"$(inherited)",
					"@executable_path/Frameworks",
					"@loader_path/Frameworks",
				);
				PRODUCT_BUNDLE_IDENTIFIER = com.example.GestureTests;
				PRODUCT_NAME = "$(TARGET_NAME)";
				SWIFT_VERSION = 4.2;
				TARGETED_DEVICE_FAMILY = "1,2";
				TEST_HOST = "$(BUILT_PRODUCTS_DIR)/Gesture.app/Gesture";
			};
			name = Debug;
		};
		84384CF021C003BE009A992B /* Release */ = {
			isa = XCBuildConfiguration;
			buildSettings = {
				ALWAYS_EMBED_SWIFT_STANDARD_LIBRARIES = YES;
				BUNDLE_LOADER = "$(TEST_HOST)";
				CODE_SIGN_STYLE = Automatic;
				INFOPLIST_FILE = GestureTests/Info.plist;
				LD_RUNPATH_SEARCH_PATHS = (
					"$(inherited)",
					"@executable_path/Frameworks",
					"@loader_path/Frameworks",
				);
				PRODUCT_BUNDLE_IDENTIFIER = com.example.GestureTests;
				PRODUCT_NAME = "$(TARGET_NAME)";
				SWIFT_VERSION = 4.2;
				TARGETED_DEVICE_FAMILY = "1,2";
				TEST_HOST = "$(BUILT_PRODUCTS_DIR)/Gesture.app/Gesture";
			};
			name = Release;
		};
		84384CF221C003BE009A992B /* Debug */ = {
			isa = XCBuildConfiguration;
			buildSettings = {
				ALWAYS_EMBED_SWIFT_STANDARD_LIBRARIES = YES;
				CODE_SIGN_STYLE = Automatic;
				INFOPLIST_FILE = GestureUITests/Info.plist;
				LD_RUNPATH_SEARCH_PATHS = (
					"$(inherited)",
					"@executable_path/Frameworks",
					"@loader_path/Frameworks",
				);
				PRODUCT_BUNDLE_IDENTIFIER = com.example.GestureUITests;
				PRODUCT_NAME = "$(TARGET_NAME)";
				SWIFT_VERSION = 4.2;
				TARGETED_DEVICE_FAMILY = "1,2";
				TEST_TARGET_NAME = Gesture;
			};
			name = Debug;
		};
		84384CF321C003BE009A992B /* Release */ = {
			isa = XCBuildConfiguration;
			buildSettings = {
				ALWAYS_EMBED_SWIFT_STANDARD_LIBRARIES = YES;
				CODE_SIGN_STYLE = Automatic;
				INFOPLIST_FILE = GestureUITests/Info.plist;
				LD_RUNPATH_SEARCH_PATHS = (
					"$(inherited)",
					"@executable_path/Frameworks",
					"@loader_path/Frameworks",
				);
				PRODUCT_BUNDLE_IDENTIFIER = com.example.GestureUITests;
				PRODUCT_NAME = "$(TARGET_NAME)";
				SWIFT_VERSION = 4.2;
				TARGETED_DEVICE_FAMILY = "1,2";
				TEST_TARGET_NAME = Gesture;
			};
			name = Release;
		};
/* End XCBuildConfiguration section */

/* Begin XCConfigurationList section */
		84384CBE21C003BA009A992B /* Build configuration list for PBXProject "Gesture" */ = {
			isa = XCConfigurationList;
			buildConfigurations = (
				84384CE921C003BE009A992B /* Debug */,
				84384CEA21C003BE009A992B /* Release */,
			);
			defaultConfigurationIsVisible = 0;
			defaultConfigurationName = Release;
		};
		84384CEB21C003BE009A992B /* Build configuration list for PBXNativeTarget "Gesture" */ = {
			isa = XCConfigurationList;
			buildConfigurations = (
				84384CEC21C003BE009A992B /* Debug */,
				84384CED21C003BE009A992B /* Release */,
			);
			defaultConfigurationIsVisible = 0;
			defaultConfigurationName = Release;
		};
		84384CEE21C003BE009A992B /* Build configuration list for PBXNativeTarget "GestureTests" */ = {
			isa = XCConfigurationList;
			buildConfigurations = (
				84384CEF21C003BE009A992B /* Debug */,
				84384CF021C003BE009A992B /* Release */,
			);
			defaultConfigurationIsVisible = 0;
			defaultConfigurationName = Release;
		};
		84384CF121C003BE009A992B /* Build configuration list for PBXNativeTarget "GestureUITests" */ = {
			isa = XCConfigurationList;
			buildConfigurations = (
				84384CF221C003BE009A992B /* Debug */,
				84384CF321C003BE009A992B /* Release */,
			);
			defaultConfigurationIsVisible = 0;
			defaultConfigurationName = Release;
		};
/* End XCConfigurationList section */
	};
	rootObject = 84384CBB21C003BA009A992B /* Project object */;
}
